
Microsoft Visual Studio Solution File, Format Version 12.00
# Visual Studio Version 17
VisualStudioVersion = 17.4.33213.308
MinimumVisualStudioVersion = 10.0.40219.1
Project("{9A19103F-16F7-4668-BE54-9A1E7A4F7556}") = "task1", "task1.csproj", "{E317C251-437E-4542-88CA-3917F23D63D7}"
EndProject
Global
	GlobalSection(SolutionConfigurationPlatforms) = preSolution
		Debug|Any CPU = Debug|Any CPU
		Release|Any CPU = Release|Any CPU
	EndGlobalSection
	GlobalSection(ProjectConfigurationPlatforms) = postSolution
		{E317C251-437E-4542-88CA-3917F23D63D7}.Debug|Any CPU.ActiveCfg = Debug|Any CPU
		{E317C251-437E-4542-88CA-3917F23D63D7}.Debug|Any CPU.Build.0 = Debug|Any CPU
		{E317C251-437E-4542-88CA-3917F23D63D7}.Release|Any CPU.ActiveCfg = Release|Any CPU
		{E317C251-437E-4542-88CA-3917F23D63D7}.Release|Any CPU.Build.0 = Release|Any CPU
	EndGlobalSection
	GlobalSection(SolutionProperties) = preSolution
		HideSolutionNode = FALSE
	EndGlobalSection
	GlobalSection(ExtensibilityGlobals) = postSolution
		SolutionGuid = {378A51CF-500E-4B7E-917A-5C19E3DE51F5}
	EndGlobalSection
EndGlobal
